
Microsoft Visual Studio Solution File, Format Version 12.00
# Visual Studio Version 16
VisualStudioVersion = 16.0.31321.278
MinimumVisualStudioVersion = 10.0.40219.1
Project("{FAE04EC0-301F-11D3-BF4B-00C04F79EFBC}") = "BookStore", "BookStore\BookStore.csproj", "{F71A1E90-93E7-4485-82F6-A9DCC7D9EAF7}"
EndProject
Global
	GlobalSection(SolutionConfigurationPlatforms) = preSolution
		Debug|Any CPU = Debug|Any CPU
		Release|Any CPU = Release|Any CPU
	EndGlobalSection
	GlobalSection(ProjectConfigurationPlatforms) = postSolution
		{F71A1E90-93E7-4485-82F6-A9DCC7D9EAF7}.Debug|Any CPU.ActiveCfg = Debug|Any CPU
		{F71A1E90-93E7-4485-82F6-A9DCC7D9EAF7}.Debug|Any CPU.Build.0 = Debug|Any CPU
		{F71A1E90-93E7-4485-82F6-A9DCC7D9EAF7}.Release|Any CPU.ActiveCfg = Release|Any CPU
		{F71A1E90-93E7-4485-82F6-A9DCC7D9EAF7}.Release|Any CPU.Build.0 = Release|Any CPU
	EndGlobalSection
	GlobalSection(SolutionProperties) = preSolution
		HideSolutionNode = FALSE
	EndGlobalSection
	GlobalSection(ExtensibilityGlobals) = postSolution
		SolutionGuid = {808C386E-F032-4367-92E5-EF51AB8061BC}
	EndGlobalSection
EndGlobal
